
Microsoft Visual Studio Solution File, Format Version 12.00
# Visual Studio Version 16
VisualStudioVersion = 25.0.1700.2
MinimumVisualStudioVersion = 10.0.40219.1
Project("{FAE04EC0-301F-11D3-BF4B-00C04F79EFBC}") = "Spectrum.Android", "Spectrum\Spectrum.Android\Spectrum.Android.csproj", "{BB5B152B-4CF0-4C2B-B78D-EB1BAFE84973}"
EndProject
Project("{FAE04EC0-301F-11D3-BF4B-00C04F79EFBC}") = "Spectrum.iOS", "Spectrum\Spectrum.iOS\Spectrum.iOS.csproj", "{4B001EAE-4FF2-48A1-9D2E-7F6A12BAA452}"
EndProject
Project("{FAE04EC0-301F-11D3-BF4B-00C04F79EFBC}") = "Spectrum", "Spectrum\Spectrum\Spectrum.csproj", "{2819C194-299A-4E1D-96E6-E9527AF3E060}"
EndProject
Global
	GlobalSection(SolutionConfigurationPlatforms) = preSolution
		Debug|Any CPU = Debug|Any CPU
		Release|Any CPU = Release|Any CPU
		Debug|iPhoneSimulator = Debug|iPhoneSimulator
		Release|iPhoneSimulator = Release|iPhoneSimulator
		Debug|iPhone = Debug|iPhone
		Release|iPhone = Release|iPhone
	EndGlobalSection
	GlobalSection(ProjectConfigurationPlatforms) = postSolution
		{BB5B152B-4CF0-4C2B-B78D-EB1BAFE84973}.Debug|Any CPU.ActiveCfg = Debug|Any CPU
		{BB5B152B-4CF0-4C2B-B78D-EB1BAFE84973}.Debug|Any CPU.Build.0 = Debug|Any CPU
		{BB5B152B-4CF0-4C2B-B78D-EB1BAFE84973}.Release|Any CPU.ActiveCfg = Release|Any CPU
		{BB5B152B-4CF0-4C2B-B78D-EB1BAFE84973}.Release|Any CPU.Build.0 = Release|Any CPU
		{BB5B152B-4CF0-4C2B-B78D-EB1BAFE84973}.Debug|iPhoneSimulator.ActiveCfg = Debug|Any CPU
		{BB5B152B-4CF0-4C2B-B78D-EB1BAFE84973}.Debug|iPhoneSimulator.Build.0 = Debug|Any CPU
		{BB5B152B-4CF0-4C2B-B78D-EB1BAFE84973}.Release|iPhoneSimulator.ActiveCfg = Release|Any CPU
		{BB5B152B-4CF0-4C2B-B78D-EB1BAFE84973}.Release|iPhoneSimulator.Build.0 = Release|Any CPU
		{BB5B152B-4CF0-4C2B-B78D-EB1BAFE84973}.Debug|iPhone.ActiveCfg = Debug|Any CPU
		{BB5B152B-4CF0-4C2B-B78D-EB1BAFE84973}.Debug|iPhone.Build.0 = Debug|Any CPU
		{BB5B152B-4CF0-4C2B-B78D-EB1BAFE84973}.Release|iPhone.ActiveCfg = Release|Any CPU
		{BB5B152B-4CF0-4C2B-B78D-EB1BAFE84973}.Release|iPhone.Build.0 = Release|Any CPU
		{4B001EAE-4FF2-48A1-9D2E-7F6A12BAA452}.Debug|Any CPU.ActiveCfg = Debug|iPhoneSimulator
		{4B001EAE-4FF2-48A1-9D2E-7F6A12BAA452}.Debug|Any CPU.Build.0 = Debug|iPhoneSimulator
		{4B001EAE-4FF2-48A1-9D2E-7F6A12BAA452}.Release|Any CPU.ActiveCfg = Release|iPhoneSimulator
		{4B001EAE-4FF2-48A1-9D2E-7F6A12BAA452}.Release|Any CPU.Build.0 = Release|iPhoneSimulator
		{4B001EAE-4FF2-48A1-9D2E-7F6A12BAA452}.Debug|iPhoneSimulator.ActiveCfg = Debug|iPhoneSimulator
		{4B001EAE-4FF2-48A1-9D2E-7F6A12BAA452}.Debug|iPhoneSimulator.Build.0 = Debug|iPhoneSimulator
		{4B001EAE-4FF2-48A1-9D2E-7F6A12BAA452}.Release|iPhoneSimulator.ActiveCfg = Release|iPhoneSimulator
		{4B001EAE-4FF2-48A1-9D2E-7F6A12BAA452}.Release|iPhoneSimulator.Build.0 = Release|iPhoneSimulator
		{4B001EAE-4FF2-48A1-9D2E-7F6A12BAA452}.Debug|iPhone.ActiveCfg = Debug|iPhone
		{4B001EAE-4FF2-48A1-9D2E-7F6A12BAA452}.Debug|iPhone.Build.0 = Debug|iPhone
		{4B001EAE-4FF2-48A1-9D2E-7F6A12BAA452}.Release|iPhone.ActiveCfg = Release|iPhone
		{4B001EAE-4FF2-48A1-9D2E-7F6A12BAA452}.Release|iPhone.Build.0 = Release|iPhone
		{2819C194-299A-4E1D-96E6-E9527AF3E060}.Debug|Any CPU.ActiveCfg = Debug|Any CPU
		{2819C194-299A-4E1D-96E6-E9527AF3E060}.Debug|Any CPU.Build.0 = Debug|Any CPU
		{2819C194-299A-4E1D-96E6-E9527AF3E060}.Release|Any CPU.ActiveCfg = Release|Any CPU
		{2819C194-299A-4E1D-96E6-E9527AF3E060}.Release|Any CPU.Build.0 = Release|Any CPU
		{2819C194-299A-4E1D-96E6-E9527AF3E060}.Debug|iPhoneSimulator.ActiveCfg = Debug|Any CPU
		{2819C194-299A-4E1D-96E6-E9527AF3E060}.Debug|iPhoneSimulator.Build.0 = Debug|Any CPU
		{2819C194-299A-4E1D-96E6-E9527AF3E060}.Release|iPhoneSimulator.ActiveCfg = Release|Any CPU
		{2819C194-299A-4E1D-96E6-E9527AF3E060}.Release|iPhoneSimulator.Build.0 = Release|Any CPU
		{2819C194-299A-4E1D-96E6-E9527AF3E060}.Debug|iPhone.ActiveCfg = Debug|Any CPU
		{2819C194-299A-4E1D-96E6-E9527AF3E060}.Debug|iPhone.Build.0 = Debug|Any CPU
		{2819C194-299A-4E1D-96E6-E9527AF3E060}.Release|iPhone.ActiveCfg = Release|Any CPU
		{2819C194-299A-4E1D-96E6-E9527AF3E060}.Release|iPhone.Build.0 = Release|Any CPU
	EndGlobalSection
	GlobalSection(SolutionProperties) = preSolution
		HideSolutionNode = FALSE
	EndGlobalSection
	GlobalSection(ExtensibilityGlobals) = postSolution
		SolutionGuid = {DCEBE4FE-952E-45FD-B9C7-3FC6E4CA2A7E}
	EndGlobalSection
EndGlobal
